{
    "hash": "48142bc67c1827c33451e94ad2fb1b1e",
    "packages": [
        {
            "package": "nikic/php-parser",
            "version": "dev-master",
            "source-reference": "a590937fdf855169879dac25e9760ff7dd24cfd0",
            "commit-date": "1344357619"
        },
        {
            "package": "rg/injektor",
            "version": "dev-zf2-zend-code",
            "source-reference": "a0c0beffe485fe1d51055af4f4aa6331061dde87",
            "commit-date": "1345479969"
        },
        {
            "package": "zendframework/zendframework",
            "version": "2.0.0rc4"
        }
    ],
    "packages-dev": null,
    "aliases": [

    ],
    "minimum-stability": "RC",
    "stability-flags": {
        "nikic/php-parser": 20,
        "rg/injektor": 20
    }
}
