{
    "hash": "77a761fe19a4592c109a3f8524e95a26",
    "packages": [
        {
            "package": "nikic/php-parser",
            "version": "dev-master",
            "source-reference": "v0.9.2"
        }
    ],
    "packages-dev": null,
    "aliases": [

    ],
    "minimum-stability": "dev",
    "stability-flags": {
        "nikic/php-parser": 20
    }
}
